
Microsoft Visual Studio Solution File, Format Version 12.00
# Visual Studio 2012
Project("{FAE04EC0-301F-11D3-BF4B-00C04F79EFBC}") = "MvGitHubTest", "MvGitHubTest\MvGitHubTest.csproj", "{9F491B41-4499-45C3-9C2F-B4C228AD13E0}"
EndProject
Project("{FAE04EC0-301F-11D3-BF4B-00C04F79EFBC}") = "MvGitHubTest.Tests", "MvGitHubTest.Tests\MvGitHubTest.Tests.csproj", "{93BDA3F1-6E2E-40A9-97C6-B295F5D88E37}"
EndProject
Global
	GlobalSection(SolutionConfigurationPlatforms) = preSolution
		Debug|Any CPU = Debug|Any CPU
		Release|Any CPU = Release|Any CPU
	EndGlobalSection
	GlobalSection(ProjectConfigurationPlatforms) = postSolution
		{9F491B41-4499-45C3-9C2F-B4C228AD13E0}.Debug|Any CPU.ActiveCfg = Debug|Any CPU
		{9F491B41-4499-45C3-9C2F-B4C228AD13E0}.Debug|Any CPU.Build.0 = Debug|Any CPU
		{9F491B41-4499-45C3-9C2F-B4C228AD13E0}.Release|Any CPU.ActiveCfg = Release|Any CPU
		{9F491B41-4499-45C3-9C2F-B4C228AD13E0}.Release|Any CPU.Build.0 = Release|Any CPU
		{93BDA3F1-6E2E-40A9-97C6-B295F5D88E37}.Debug|Any CPU.ActiveCfg = Debug|Any CPU
		{93BDA3F1-6E2E-40A9-97C6-B295F5D88E37}.Debug|Any CPU.Build.0 = Debug|Any CPU
		{93BDA3F1-6E2E-40A9-97C6-B295F5D88E37}.Release|Any CPU.ActiveCfg = Release|Any CPU
		{93BDA3F1-6E2E-40A9-97C6-B295F5D88E37}.Release|Any CPU.Build.0 = Release|Any CPU
	EndGlobalSection
	GlobalSection(SolutionProperties) = preSolution
		HideSolutionNode = FALSE
	EndGlobalSection
EndGlobal
